
Microsoft Visual Studio Solution File, Format Version 12.00
# Visual Studio 2013
VisualStudioVersion = 12.0.21005.1
MinimumVisualStudioVersion = 10.0.40219.1
Project("{FAE04EC0-301F-11D3-BF4B-00C04F79EFBC}") = "MacroStaticAnalyzer", "MacroStaticAnalyzer\MacroStaticAnalyzer.csproj", "{020770D5-FAF5-426F-BEF2-BF19F2FB79D7}"
EndProject
Project("{FAE04EC0-301F-11D3-BF4B-00C04F79EFBC}") = "MacroStaticAnalyzer.UnitTests", "MacroStaticAnalyzer.UnitTests\MacroStaticAnalyzer.UnitTests.csproj", "{850459E9-A558-4EA9-907F-69F32B609670}"
EndProject
Global
	GlobalSection(SolutionConfigurationPlatforms) = preSolution
		Debug|Any CPU = Debug|Any CPU
		Release|Any CPU = Release|Any CPU
	EndGlobalSection
	GlobalSection(ProjectConfigurationPlatforms) = postSolution
		{020770D5-FAF5-426F-BEF2-BF19F2FB79D7}.Debug|Any CPU.ActiveCfg = Debug|Any CPU
		{020770D5-FAF5-426F-BEF2-BF19F2FB79D7}.Debug|Any CPU.Build.0 = Debug|Any CPU
		{020770D5-FAF5-426F-BEF2-BF19F2FB79D7}.Release|Any CPU.ActiveCfg = Release|Any CPU
		{020770D5-FAF5-426F-BEF2-BF19F2FB79D7}.Release|Any CPU.Build.0 = Release|Any CPU
		{850459E9-A558-4EA9-907F-69F32B609670}.Debug|Any CPU.ActiveCfg = Debug|Any CPU
		{850459E9-A558-4EA9-907F-69F32B609670}.Debug|Any CPU.Build.0 = Debug|Any CPU
		{850459E9-A558-4EA9-907F-69F32B609670}.Release|Any CPU.ActiveCfg = Release|Any CPU
		{850459E9-A558-4EA9-907F-69F32B609670}.Release|Any CPU.Build.0 = Release|Any CPU
	EndGlobalSection
	GlobalSection(SolutionProperties) = preSolution
		HideSolutionNode = FALSE
	EndGlobalSection
EndGlobal
